
Microsoft Visual Studio Solution File, Format Version 12.00
# Visual Studio 15
VisualStudioVersion = 15.0.27428.2037
MinimumVisualStudioVersion = 10.0.40219.1
Project("{FAE04EC0-301F-11D3-BF4B-00C04F79EFBC}") = "Экзамен", "Экзамен\Экзамен.csproj", "{CA068D1D-FA8A-4EC0-891F-DB6D47374A4A}"
EndProject
Global
	GlobalSection(SolutionConfigurationPlatforms) = preSolution
		Debug|Any CPU = Debug|Any CPU
		Release|Any CPU = Release|Any CPU
	EndGlobalSection
	GlobalSection(ProjectConfigurationPlatforms) = postSolution
		{CA068D1D-FA8A-4EC0-891F-DB6D47374A4A}.Debug|Any CPU.ActiveCfg = Debug|Any CPU
		{CA068D1D-FA8A-4EC0-891F-DB6D47374A4A}.Debug|Any CPU.Build.0 = Debug|Any CPU
		{CA068D1D-FA8A-4EC0-891F-DB6D47374A4A}.Release|Any CPU.ActiveCfg = Release|Any CPU
		{CA068D1D-FA8A-4EC0-891F-DB6D47374A4A}.Release|Any CPU.Build.0 = Release|Any CPU
	EndGlobalSection
	GlobalSection(SolutionProperties) = preSolution
		HideSolutionNode = FALSE
	EndGlobalSection
	GlobalSection(ExtensibilityGlobals) = postSolution
		SolutionGuid = {E3894473-8962-4259-8B6B-C75773495F47}
	EndGlobalSection
EndGlobal
